{
  "nodes": {
    "aw": {
      "locked": {
        "lastModified": 1682647632,
        "narHash": "sha256-KCeNgbBL/KVsjFZm8z4KcbmMsmuKzbBNNnyWAW1NpWA=",
        "owner": "huantianad",
        "repo": "nixpkgs",
        "rev": "6ec91d00c257c396d7c5a0306831cb68d9bb3f2b",
        "type": "github"
      },
      "original": {
        "owner": "huantianad",
        "ref": "activitywatch",
        "repo": "nixpkgs",
        "type": "github"
      }
    },
    "aw-watcher-custom": {
      "inputs": {
        "flake-utils": "flake-utils",
        "nixpkgs": "nixpkgs"
      },
      "locked": {
        "lastModified": 1677447827,
        "narHash": "sha256-Lt+W8ta/E2BH/K6ztTZaHVdoncSF4R0xY0rJ4EtoxXE=",
        "owner": "huantianad",
        "repo": "aw-watcher-custom",
        "rev": "c7a94bc3fbe91170037fbbb6910e04201ec35f29",
        "type": "github"
      },
      "original": {
        "owner": "huantianad",
        "repo": "aw-watcher-custom",
        "type": "github"
      }
    },
    "fenix": {
      "inputs": {
        "nixpkgs": [
          "nixpkgs"
        ],
        "rust-analyzer-src": "rust-analyzer-src"
      },
      "locked": {
        "lastModified": 1682598812,
        "narHash": "sha256-kNX5Au2i6ojBjBD5guay3qeHitm0vEhnnIvbv+BQoh8=",
        "owner": "nix-community",
        "repo": "fenix",
        "rev": "b4616f7fa72bcda1b48511e4043d6813aa2d953b",
        "type": "github"
      },
      "original": {
        "owner": "nix-community",
        "repo": "fenix",
        "type": "github"
      }
    },
    "flake-utils": {
      "locked": {
        "lastModified": 1659877975,
        "narHash": "sha256-zllb8aq3YO3h8B/U0/J1WBgAL8EX5yWf5pMj3G0NAmc=",
        "owner": "numtide",
        "repo": "flake-utils",
        "rev": "c0e246b9b83f637f4681389ecabcb2681b4f3af0",
        "type": "github"
      },
      "original": {
        "owner": "numtide",
        "repo": "flake-utils",
        "type": "github"
      }
    },
    "home-manager": {
      "inputs": {
        "nixpkgs": [
          "nixpkgs"
        ]
      },
      "locked": {
        "lastModified": 1682535786,
        "narHash": "sha256-NH2a8yB8V25cglvcHDrvaTLvohzMgGLLZ4vnXQn4vOw=",
        "owner": "nix-community",
        "repo": "home-manager",
        "rev": "d82c9af8175878a461a0fdf914e67cc446664570",
        "type": "github"
      },
      "original": {
        "owner": "nix-community",
        "repo": "home-manager",
        "type": "github"
      }
    },
    "nixinate": {
      "inputs": {
        "nixpkgs": [
          "nixpkgs"
        ]
      },
      "locked": {
        "lastModified": 1671116920,
        "narHash": "sha256-QmDGsUUmAGn77UTR7eQJmebl8f3IIUCtmbbAdJqKA3s=",
        "owner": "matthewcroughan",
        "repo": "nixinate",
        "rev": "b4d17b8e2a4abc47e93e1a1c466e0286a63640d8",
        "type": "github"
      },
      "original": {
        "owner": "matthewcroughan",
        "repo": "nixinate",
        "type": "github"
      }
    },
    "nixos-hardware": {
      "locked": {
        "lastModified": 1680876084,
        "narHash": "sha256-eP9yxP0wc7XuVaODugh+ajgbFGaile2O1ihxiLxOuvU=",
        "owner": "NixOS",
        "repo": "nixos-hardware",
        "rev": "3006d2860a6ed5e01b0c3e7ffb730e9b293116e2",
        "type": "github"
      },
      "original": {
        "owner": "NixOS",
        "ref": "master",
        "repo": "nixos-hardware",
        "type": "github"
      }
    },
    "nixpkgs": {
      "locked": {
        "lastModified": 1682647632,
        "narHash": "sha256-KCeNgbBL/KVsjFZm8z4KcbmMsmuKzbBNNnyWAW1NpWA=",
        "owner": "huantianad",
        "repo": "nixpkgs",
        "rev": "6ec91d00c257c396d7c5a0306831cb68d9bb3f2b",
        "type": "github"
      },
      "original": {
        "owner": "huantianad",
        "ref": "activitywatch",
        "repo": "nixpkgs",
        "type": "github"
      }
    },
    "nixpkgs_2": {
      "locked": {
        "lastModified": 1682526928,
        "narHash": "sha256-2cKh4O6t1rQ8Ok+v16URynmb0rV7oZPEbXkU0owNLQs=",
        "owner": "nixos",
        "repo": "nixpkgs",
        "rev": "d6b863fd9b7bb962e6f9fdf292419a775e772891",
        "type": "github"
      },
      "original": {
        "owner": "nixos",
        "ref": "nixos-unstable",
        "repo": "nixpkgs",
        "type": "github"
      }
    },
    "root": {
      "inputs": {
        "aw": "aw",
        "aw-watcher-custom": "aw-watcher-custom",
        "fenix": "fenix",
        "home-manager": "home-manager",
        "nixinate": "nixinate",
        "nixos-hardware": "nixos-hardware",
        "nixpkgs": "nixpkgs_2"
      }
    },
    "rust-analyzer-src": {
      "flake": false,
      "locked": {
        "lastModified": 1682502267,
        "narHash": "sha256-S1Rk8+lW6GqnfVDyxR7ctJaGRglvhm/DWCeDD3J3ut8=",
        "owner": "rust-lang",
        "repo": "rust-analyzer",
        "rev": "797c2f1dde0905afa24f567160ed23ba2bc79a81",
        "type": "github"
      },
      "original": {
        "owner": "rust-lang",
        "ref": "nightly",
        "repo": "rust-analyzer",
        "type": "github"
      }
    }
  },
  "root": "root",
  "version": 7
}
