{
  "nodes": {
    "aw-watcher-custom": {
      "inputs": {
        "flake-utils": "flake-utils",
        "nixpkgs": [
          "nixpkgs"
        ]
      },
      "locked": {
        "lastModified": 1684099528,
        "narHash": "sha256-qO4MUSSy+A/5jaADyh4MKRCyh9FMRdly2WmksxVti8k=",
        "owner": "huantianad",
        "repo": "aw-watcher-custom",
        "rev": "db7d55b866014294c32664e1b5bbfd3bfdbf3619",
        "type": "github"
      },
      "original": {
        "owner": "huantianad",
        "repo": "aw-watcher-custom",
        "type": "github"
      }
    },
    "fenix": {
      "inputs": {
        "nixpkgs": [
          "nixpkgs"
        ],
        "rust-analyzer-src": "rust-analyzer-src"
      },
      "locked": {
        "lastModified": 1693290084,
        "narHash": "sha256-BMN2Sf1yuv5pw2koZZdMCCaghUYyo0hOtxY/v2zmiL8=",
        "owner": "nix-community",
        "repo": "fenix",
        "rev": "76e468cd74a08edcbabb14ce1698ebd2f5fad9d2",
        "type": "github"
      },
      "original": {
        "owner": "nix-community",
        "repo": "fenix",
        "type": "github"
      }
    },
    "flake-utils": {
      "inputs": {
        "systems": "systems"
      },
      "locked": {
        "lastModified": 1681202837,
        "narHash": "sha256-H+Rh19JDwRtpVPAWp64F+rlEtxUWBAQW28eAi3SRSzg=",
        "owner": "numtide",
        "repo": "flake-utils",
        "rev": "cfacdce06f30d2b68473a46042957675eebb3401",
        "type": "github"
      },
      "original": {
        "owner": "numtide",
        "repo": "flake-utils",
        "type": "github"
      }
    },
    "home-manager": {
      "inputs": {
        "nixpkgs": [
          "nixpkgs"
        ]
      },
      "locked": {
        "lastModified": 1693187908,
        "narHash": "sha256-cTcNpsqi1llmUFl9bmCdD0mTyfjhBrNFPhu2W12WXzA=",
        "owner": "nix-community",
        "repo": "home-manager",
        "rev": "8bde7a651b94ba30bd0baaa9c4a08aae88cc2e92",
        "type": "github"
      },
      "original": {
        "owner": "nix-community",
        "repo": "home-manager",
        "type": "github"
      }
    },
    "home-manager-stable": {
      "inputs": {
        "nixpkgs": [
          "nixpkgs-stable"
        ]
      },
      "locked": {
        "lastModified": 1693208669,
        "narHash": "sha256-hHFaaUsZ860wvppPeiu7nJn/nXZjJfnqAQEu9SPFE9I=",
        "owner": "nix-community",
        "repo": "home-manager",
        "rev": "5bac4a1c06cd77cf8fc35a658ccb035a6c50cd2c",
        "type": "github"
      },
      "original": {
        "owner": "nix-community",
        "ref": "release-23.05",
        "repo": "home-manager",
        "type": "github"
      }
    },
    "minifluxng": {
      "inputs": {
        "nixpkgs": [
          "nixpkgs"
        ]
      },
      "locked": {
        "lastModified": 1689494192,
        "narHash": "sha256-KxQfJ3xNxb6cn3NDcoJBpqlsvSDBZoQbjCn9clntlEY=",
        "owner": "~bwolf",
        "repo": "miniflux.nix",
        "rev": "5f7a6165df83abb3af3ed0f7f7a289d44b73df18",
        "type": "sourcehut"
      },
      "original": {
        "owner": "~bwolf",
        "repo": "miniflux.nix",
        "type": "sourcehut"
      }
    },
    "nixinate": {
      "inputs": {
        "nixpkgs": [
          "nixpkgs"
        ]
      },
      "locked": {
        "lastModified": 1688141737,
        "narHash": "sha256-qHrNMYWukOKmKVf6wXOGKj1xxUnOGjvTRbt/PLLXuBE=",
        "owner": "matthewcroughan",
        "repo": "nixinate",
        "rev": "7902ae845e6cc5bd450e510cdf5e009a6e4a44d9",
        "type": "github"
      },
      "original": {
        "owner": "matthewcroughan",
        "repo": "nixinate",
        "type": "github"
      }
    },
    "nixos-hardware": {
      "locked": {
        "lastModified": 1692952286,
        "narHash": "sha256-TsrtPv3+Q1KR0avZxpiJH+b6fX/R/hEQVHbjl1ebotY=",
        "owner": "NixOS",
        "repo": "nixos-hardware",
        "rev": "817e297fc3352fadc15f2c5306909aa9192d7d97",
        "type": "github"
      },
      "original": {
        "owner": "NixOS",
        "ref": "master",
        "repo": "nixos-hardware",
        "type": "github"
      }
    },
    "nixpkgs": {
      "locked": {
        "lastModified": 1693250523,
        "narHash": "sha256-y3up5gXMTbnCsXrNEB5j+7TVantDLUYyQLu/ueiXuyg=",
        "owner": "nixos",
        "repo": "nixpkgs",
        "rev": "3efb0f6f404ec8dae31bdb1a9b17705ce0d6986e",
        "type": "github"
      },
      "original": {
        "owner": "nixos",
        "ref": "nixos-unstable",
        "repo": "nixpkgs",
        "type": "github"
      }
    },
    "nixpkgs-stable": {
      "locked": {
        "lastModified": 1693231525,
        "narHash": "sha256-Zmh8m0HHcgGBDth6jdJPmc4UAAP0L4jQmqIztywF1Iw=",
        "owner": "nixos",
        "repo": "nixpkgs",
        "rev": "c540061ac8d72d6e6d99345bd2d590c82b2f58c1",
        "type": "github"
      },
      "original": {
        "owner": "nixos",
        "ref": "nixos-23.05",
        "repo": "nixpkgs",
        "type": "github"
      }
    },
    "root": {
      "inputs": {
        "aw-watcher-custom": "aw-watcher-custom",
        "fenix": "fenix",
        "home-manager": "home-manager",
        "home-manager-stable": "home-manager-stable",
        "minifluxng": "minifluxng",
        "nixinate": "nixinate",
        "nixos-hardware": "nixos-hardware",
        "nixpkgs": "nixpkgs",
        "nixpkgs-stable": "nixpkgs-stable",
        "sops-nix": "sops-nix"
      }
    },
    "rust-analyzer-src": {
      "flake": false,
      "locked": {
        "lastModified": 1693248848,
        "narHash": "sha256-TIroiasNKgsVHEjO4y8fBPHgFON1t91DMmOaXNLixXM=",
        "owner": "rust-lang",
        "repo": "rust-analyzer",
        "rev": "62268e474e9165de0cdb08d3794eec4b6ef1c6cd",
        "type": "github"
      },
      "original": {
        "owner": "rust-lang",
        "ref": "nightly",
        "repo": "rust-analyzer",
        "type": "github"
      }
    },
    "sops-nix": {
      "inputs": {
        "nixpkgs": [
          "nixpkgs"
        ],
        "nixpkgs-stable": [
          "nixpkgs-stable"
        ]
      },
      "locked": {
        "lastModified": 1693263624,
        "narHash": "sha256-GzmVIUKStC1HCzUb0YdGDPAewv4+KxCHKQZEZZDpApY=",
        "owner": "Mic92",
        "repo": "sops-nix",
        "rev": "c89ee06488706b587a22085b1844bf9ca6ba5687",
        "type": "github"
      },
      "original": {
        "owner": "Mic92",
        "repo": "sops-nix",
        "type": "github"
      }
    },
    "systems": {
      "locked": {
        "lastModified": 1681028828,
        "narHash": "sha256-Vy1rq5AaRuLzOxct8nz4T6wlgyUR7zLU309k9mBC768=",
        "owner": "nix-systems",
        "repo": "default",
        "rev": "da67096a3b9bf56a91d16901293e51ba5b49a27e",
        "type": "github"
      },
      "original": {
        "owner": "nix-systems",
        "repo": "default",
        "type": "github"
      }
    }
  },
  "root": "root",
  "version": 7
}
